// !$*UTF8*$!
{
	archiveVersion = 1;
	classes = {
	};
	objectVersion = 50;
	objects = {

/* Begin PBXBuildFile section */
		918E856325642B54001F879C /* LaunchScreen.storyboard in Resources */ = {isa = PBXBuildFile; fileRef = 918E856225642B54001F879C /* LaunchScreen.storyboard */; };
		91DB167625641DCA0060D3C8 /* progressView.swift in Sources */ = {isa = PBXBuildFile; fileRef = 91DB167525641DCA0060D3C8 /* progressView.swift */; };
		91DB167C25641E040060D3C8 /* DayProgress.swift in Sources */ = {isa = PBXBuildFile; fileRef = 91DB167B25641E040060D3C8 /* DayProgress.swift */; };
		91DB167F25641E110060D3C8 /* time.swift in Sources */ = {isa = PBXBuildFile; fileRef = 91DB167E25641E110060D3C8 /* time.swift */; };
		91DB1690256426280060D3C8 /* WebView.swift in Sources */ = {isa = PBXBuildFile; fileRef = 91DB168F256426280060D3C8 /* WebView.swift */; };
		91DB16952564268F0060D3C8 /* Assets.xcassets in Resources */ = {isa = PBXBuildFile; fileRef = 91DB16942564268F0060D3C8 /* Assets.xcassets */; };
		9D25E8B52562E00F009AE332 /* Preview Assets.xcassets in Resources */ = {isa = PBXBuildFile; fileRef = 9D25E8B42562E00F009AE332 /* Preview Assets.xcassets */; };
		9D25E8BF2562E23B009AE332 /* AnnouncementsView.swift in Sources */ = {isa = PBXBuildFile; fileRef = 9D25E8BD2562E23B009AE332 /* AnnouncementsView.swift */; };
		9D25E8C02562E23B009AE332 /* AccountView.swift in Sources */ = {isa = PBXBuildFile; fileRef = 9D25E8BE2562E23B009AE332 /* AccountView.swift */; };
		9D25E8DE2562E261009AE332 /* OAuthSwift.xcworkspace in Resources */ = {isa = PBXBuildFile; fileRef = 9D25E8C42562E25C009AE332 /* OAuthSwift.xcworkspace */; };
		9D25E8DF2562E261009AE332 /* MenuView.swift in Sources */ = {isa = PBXBuildFile; fileRef = 9D25E8C52562E25C009AE332 /* MenuView.swift */; };
		9D25E8E02562E261009AE332 /* SceneDelegate.swift in Sources */ = {isa = PBXBuildFile; fileRef = 9D25E8C62562E25C009AE332 /* SceneDelegate.swift */; };
		9D25E8E32562E261009AE332 /* MotherView.swift in Sources */ = {isa = PBXBuildFile; fileRef = 9D25E8C92562E25D009AE332 /* MotherView.swift */; };
		9D25E8E62562E261009AE332 /* NavMenuView.swift in Sources */ = {isa = PBXBuildFile; fileRef = 9D25E8CC2562E25E009AE332 /* NavMenuView.swift */; };
		9D25E8E92562E261009AE332 /* AppDelegate.swift in Sources */ = {isa = PBXBuildFile; fileRef = 9D25E8CF2562E25E009AE332 /* AppDelegate.swift */; };
		9D25E8EA2562E261009AE332 /* LoginView.swift in Sources */ = {isa = PBXBuildFile; fileRef = 9D25E8D02562E25F009AE332 /* LoginView.swift */; };
		9D25E8ED2562E261009AE332 /* TutorialView.swift in Sources */ = {isa = PBXBuildFile; fileRef = 9D25E8D32562E25F009AE332 /* TutorialView.swift */; };
		9D25E8EF2562E261009AE332 /* HomeView.swift in Sources */ = {isa = PBXBuildFile; fileRef = 9D25E8D52562E25F009AE332 /* HomeView.swift */; };
		9D25E8F02562E261009AE332 /* Progress Bar in Resources */ = {isa = PBXBuildFile; fileRef = 9D25E8D62562E260009AE332 /* Progress Bar */; };
		9D25E8F32562E261009AE332 /* ViewRouter.swift in Sources */ = {isa = PBXBuildFile; fileRef = 9D25E8D92562E260009AE332 /* ViewRouter.swift */; };
		9D25E8F42562E261009AE332 /* AssignmentView.swift in Sources */ = {isa = PBXBuildFile; fileRef = 9D25E8DA2562E261009AE332 /* AssignmentView.swift */; };
		9D25E8F52562E261009AE332 /* ClubView.swift in Sources */ = {isa = PBXBuildFile; fileRef = 9D25E8DB2562E261009AE332 /* ClubView.swift */; };
/* End PBXBuildFile section */

/* Begin PBXFileReference section */
		918E856225642B54001F879C /* LaunchScreen.storyboard */ = {isa = PBXFileReference; fileEncoding = 4; lastKnownFileType = file.storyboard; path = LaunchScreen.storyboard; sourceTree = "<group>"; };
		91DB167525641DCA0060D3C8 /* progressView.swift */ = {isa = PBXFileReference; fileEncoding = 4; lastKnownFileType = sourcecode.swift; path = progressView.swift; sourceTree = "<group>"; };
		91DB167B25641E040060D3C8 /* DayProgress.swift */ = {isa = PBXFileReference; fileEncoding = 4; lastKnownFileType = sourcecode.swift; path = DayProgress.swift; sourceTree = "<group>"; };
		91DB167E25641E110060D3C8 /* time.swift */ = {isa = PBXFileReference; fileEncoding = 4; lastKnownFileType = sourcecode.swift; path = time.swift; sourceTree = "<group>"; };
		91DB168F256426280060D3C8 /* WebView.swift */ = {isa = PBXFileReference; fileEncoding = 4; lastKnownFileType = sourcecode.swift; path = WebView.swift; sourceTree = "<group>"; };
		91DB16942564268F0060D3C8 /* Assets.xcassets */ = {isa = PBXFileReference; lastKnownFileType = folder.assetcatalog; path = Assets.xcassets; sourceTree = "<group>"; };
		9D25E8AA2562E00A009AE332 /* ephsapp2020.app */ = {isa = PBXFileReference; explicitFileType = wrapper.application; includeInIndex = 0; path = ephsapp2020.app; sourceTree = BUILT_PRODUCTS_DIR; };
		9D25E8B42562E00F009AE332 /* Preview Assets.xcassets */ = {isa = PBXFileReference; lastKnownFileType = folder.assetcatalog; path = "Preview Assets.xcassets"; sourceTree = "<group>"; };
		9D25E8B62562E00F009AE332 /* Info.plist */ = {isa = PBXFileReference; lastKnownFileType = text.plist.xml; path = Info.plist; sourceTree = "<group>"; };
		9D25E8BD2562E23B009AE332 /* AnnouncementsView.swift */ = {isa = PBXFileReference; fileEncoding = 4; lastKnownFileType = sourcecode.swift; path = AnnouncementsView.swift; sourceTree = "<group>"; };
		9D25E8BE2562E23B009AE332 /* AccountView.swift */ = {isa = PBXFileReference; fileEncoding = 4; lastKnownFileType = sourcecode.swift; path = AccountView.swift; sourceTree = "<group>"; };
		9D25E8C42562E25C009AE332 /* OAuthSwift.xcworkspace */ = {isa = PBXFileReference; lastKnownFileType = wrapper.workspace; path = OAuthSwift.xcworkspace; sourceTree = "<group>"; };
		9D25E8C52562E25C009AE332 /* MenuView.swift */ = {isa = PBXFileReference; fileEncoding = 4; lastKnownFileType = sourcecode.swift; path = MenuView.swift; sourceTree = "<group>"; };
		9D25E8C62562E25C009AE332 /* SceneDelegate.swift */ = {isa = PBXFileReference; fileEncoding = 4; lastKnownFileType = sourcecode.swift; path = SceneDelegate.swift; sourceTree = "<group>"; };
		9D25E8C92562E25D009AE332 /* MotherView.swift */ = {isa = PBXFileReference; fileEncoding = 4; lastKnownFileType = sourcecode.swift; path = MotherView.swift; sourceTree = "<group>"; };
		9D25E8CC2562E25E009AE332 /* NavMenuView.swift */ = {isa = PBXFileReference; fileEncoding = 4; lastKnownFileType = sourcecode.swift; path = NavMenuView.swift; sourceTree = "<group>"; };
		9D25E8CF2562E25E009AE332 /* AppDelegate.swift */ = {isa = PBXFileReference; fileEncoding = 4; lastKnownFileType = sourcecode.swift; path = AppDelegate.swift; sourceTree = "<group>"; };
		9D25E8D02562E25F009AE332 /* LoginView.swift */ = {isa = PBXFileReference; fileEncoding = 4; lastKnownFileType = sourcecode.swift; path = LoginView.swift; sourceTree = "<group>"; };
		9D25E8D32562E25F009AE332 /* TutorialView.swift */ = {isa = PBXFileReference; fileEncoding = 4; lastKnownFileType = sourcecode.swift; path = TutorialView.swift; sourceTree = "<group>"; };
		9D25E8D52562E25F009AE332 /* HomeView.swift */ = {isa = PBXFileReference; fileEncoding = 4; lastKnownFileType = sourcecode.swift; path = HomeView.swift; sourceTree = "<group>"; };
		9D25E8D62562E260009AE332 /* Progress Bar */ = {isa = PBXFileReference; lastKnownFileType = folder; path = "Progress Bar"; sourceTree = "<group>"; };
		9D25E8D92562E260009AE332 /* ViewRouter.swift */ = {isa = PBXFileReference; fileEncoding = 4; lastKnownFileType = sourcecode.swift; path = ViewRouter.swift; sourceTree = "<group>"; };
		9D25E8DA2562E261009AE332 /* AssignmentView.swift */ = {isa = PBXFileReference; fileEncoding = 4; lastKnownFileType = sourcecode.swift; path = AssignmentView.swift; sourceTree = "<group>"; };
		9D25E8DB2562E261009AE332 /* ClubView.swift */ = {isa = PBXFileReference; fileEncoding = 4; lastKnownFileType = sourcecode.swift; path = ClubView.swift; sourceTree = "<group>"; };
/* End PBXFileReference section */

/* Begin PBXFrameworksBuildPhase section */
		9D25E8A72562E00A009AE332 /* Frameworks */ = {
			isa = PBXFrameworksBuildPhase;
			buildActionMask = 2147483647;
			files = (
			);
			runOnlyForDeploymentPostprocessing = 0;
		};
/* End PBXFrameworksBuildPhase section */

/* Begin PBXGroup section */
		9D25E8A12562E00A009AE332 = {
			isa = PBXGroup;
			children = (
				9D25E8AC2562E00A009AE332 /* ephsapp2020 */,
				9D25E8AB2562E00A009AE332 /* Products */,
			);
			sourceTree = "<group>";
		};
		9D25E8AB2562E00A009AE332 /* Products */ = {
			isa = PBXGroup;
			children = (
				9D25E8AA2562E00A009AE332 /* ephsapp2020.app */,
			);
			name = Products;
			sourceTree = "<group>";
		};
		9D25E8AC2562E00A009AE332 /* ephsapp2020 */ = {
			isa = PBXGroup;
			children = (
				9D25E8CF2562E25E009AE332 /* AppDelegate.swift */,
				9D25E8C62562E25C009AE332 /* SceneDelegate.swift */,
				9D25E8C92562E25D009AE332 /* MotherView.swift */,
				9D25E8D92562E260009AE332 /* ViewRouter.swift */,
				9D25E8D52562E25F009AE332 /* HomeView.swift */,
				9D25E8DB2562E261009AE332 /* ClubView.swift */,
				9D25E8BE2562E23B009AE332 /* AccountView.swift */,
				9D25E8C52562E25C009AE332 /* MenuView.swift */,
				9D25E8CC2562E25E009AE332 /* NavMenuView.swift */,
				9D25E8D32562E25F009AE332 /* TutorialView.swift */,
				9D25E8D02562E25F009AE332 /* LoginView.swift */,
				9D25E8BD2562E23B009AE332 /* AnnouncementsView.swift */,
				9D25E8DA2562E261009AE332 /* AssignmentView.swift */,
				91DB168F256426280060D3C8 /* WebView.swift */,
				918E856225642B54001F879C /* LaunchScreen.storyboard */,
				91DB16942564268F0060D3C8 /* Assets.xcassets */,
				9D25E8B62562E00F009AE332 /* Info.plist */,
				91DB167B25641E040060D3C8 /* DayProgress.swift */,
				91DB167525641DCA0060D3C8 /* progressView.swift */,
				91DB167E25641E110060D3C8 /* time.swift */,
				9D25E8C42562E25C009AE332 /* OAuthSwift.xcworkspace */,
				9D25E8D62562E260009AE332 /* Progress Bar */,
				9D25E8B32562E00F009AE332 /* Preview Content */,
			);
			path = ephsapp2020;
			sourceTree = "<group>";
		};
		9D25E8B32562E00F009AE332 /* Preview Content */ = {
			isa = PBXGroup;
			children = (
				9D25E8B42562E00F009AE332 /* Preview Assets.xcassets */,
			);
			path = "Preview Content";
			sourceTree = "<group>";
		};
/* End PBXGroup section */

/* Begin PBXNativeTarget section */
		9D25E8A92562E00A009AE332 /* ephsapp2020 */ = {
			isa = PBXNativeTarget;
			buildConfigurationList = 9D25E8B92562E00F009AE332 /* Build configuration list for PBXNativeTarget "ephsapp2020" */;
			buildPhases = (
				9D25E8A62562E00A009AE332 /* Sources */,
				9D25E8A72562E00A009AE332 /* Frameworks */,
				9D25E8A82562E00A009AE332 /* Resources */,
			);
			buildRules = (
			);
			dependencies = (
			);
			name = ephsapp2020;
			productName = ephsapp2020;
			productReference = 9D25E8AA2562E00A009AE332 /* ephsapp2020.app */;
			productType = "com.apple.product-type.application";
		};
/* End PBXNativeTarget section */

/* Begin PBXProject section */
		9D25E8A22562E00A009AE332 /* Project object */ = {
			isa = PBXProject;
			attributes = {
				LastSwiftUpdateCheck = 1200;
				LastUpgradeCheck = 1200;
				TargetAttributes = {
					9D25E8A92562E00A009AE332 = {
						CreatedOnToolsVersion = 12.0;
					};
				};
			};
			buildConfigurationList = 9D25E8A52562E00A009AE332 /* Build configuration list for PBXProject "ephsapp2020" */;
			compatibilityVersion = "Xcode 9.3";
			developmentRegion = en;
			hasScannedForEncodings = 0;
			knownRegions = (
				en,
				Base,
			);
			mainGroup = 9D25E8A12562E00A009AE332;
			productRefGroup = 9D25E8AB2562E00A009AE332 /* Products */;
			projectDirPath = "";
			projectRoot = "";
			targets = (
				9D25E8A92562E00A009AE332 /* ephsapp2020 */,
			);
		};
/* End PBXProject section */

/* Begin PBXResourcesBuildPhase section */
		9D25E8A82562E00A009AE332 /* Resources */ = {
			isa = PBXResourcesBuildPhase;
			buildActionMask = 2147483647;
			files = (
				9D25E8DE2562E261009AE332 /* OAuthSwift.xcworkspace in Resources */,
				9D25E8B52562E00F009AE332 /* Preview Assets.xcassets in Resources */,
				91DB16952564268F0060D3C8 /* Assets.xcassets in Resources */,
				918E856325642B54001F879C /* LaunchScreen.storyboard in Resources */,
				9D25E8F02562E261009AE332 /* Progress Bar in Resources */,
			);
			runOnlyForDeploymentPostprocessing = 0;
		};
/* End PBXResourcesBuildPhase section */

/* Begin PBXSourcesBuildPhase section */
		9D25E8A62562E00A009AE332 /* Sources */ = {
			isa = PBXSourcesBuildPhase;
			buildActionMask = 2147483647;
			files = (
				9D25E8DF2562E261009AE332 /* MenuView.swift in Sources */,
				9D25E8C02562E23B009AE332 /* AccountView.swift in Sources */,
				91DB167C25641E040060D3C8 /* DayProgress.swift in Sources */,
				91DB167F25641E110060D3C8 /* time.swift in Sources */,
				9D25E8F42562E261009AE332 /* AssignmentView.swift in Sources */,
				91DB167625641DCA0060D3C8 /* progressView.swift in Sources */,
				9D25E8F32562E261009AE332 /* ViewRouter.swift in Sources */,
				9D25E8E32562E261009AE332 /* MotherView.swift in Sources */,
				9D25E8BF2562E23B009AE332 /* AnnouncementsView.swift in Sources */,
				9D25E8ED2562E261009AE332 /* TutorialView.swift in Sources */,
				9D25E8E62562E261009AE332 /* NavMenuView.swift in Sources */,
				91DB1690256426280060D3C8 /* WebView.swift in Sources */,
				9D25E8EA2562E261009AE332 /* LoginView.swift in Sources */,
				9D25E8E92562E261009AE332 /* AppDelegate.swift in Sources */,
				9D25E8F52562E261009AE332 /* ClubView.swift in Sources */,
				9D25E8E02562E261009AE332 /* SceneDelegate.swift in Sources */,
				9D25E8EF2562E261009AE332 /* HomeView.swift in Sources */,
			);
			runOnlyForDeploymentPostprocessing = 0;
		};
/* End PBXSourcesBuildPhase section */

/* Begin XCBuildConfiguration section */
		9D25E8B72562E00F009AE332 /* Debug */ = {
			isa = XCBuildConfiguration;
			buildSettings = {
				ALWAYS_SEARCH_USER_PATHS = NO;
				CLANG_ANALYZER_NONNULL = YES;
				CLANG_ANALYZER_NUMBER_OBJECT_CONVERSION = YES_AGGRESSIVE;
				CLANG_CXX_LANGUAGE_STANDARD = "gnu++14";
				CLANG_CXX_LIBRARY = "libc++";
				CLANG_ENABLE_MODULES = YES;
				CLANG_ENABLE_OBJC_ARC = YES;
				CLANG_ENABLE_OBJC_WEAK = YES;
				CLANG_WARN_BLOCK_CAPTURE_AUTORELEASING = YES;
				CLANG_WARN_BOOL_CONVERSION = YES;
				CLANG_WARN_COMMA = YES;
				CLANG_WARN_CONSTANT_CONVERSION = YES;
				CLANG_WARN_DEPRECATED_OBJC_IMPLEMENTATIONS = YES;
				CLANG_WARN_DIRECT_OBJC_ISA_USAGE = YES_ERROR;
				CLANG_WARN_DOCUMENTATION_COMMENTS = YES;
				CLANG_WARN_EMPTY_BODY = YES;
				CLANG_WARN_ENUM_CONVERSION = YES;
				CLANG_WARN_INFINITE_RECURSION = YES;
				CLANG_WARN_INT_CONVERSION = YES;
				CLANG_WARN_NON_LITERAL_NULL_CONVERSION = YES;
				CLANG_WARN_OBJC_IMPLICIT_RETAIN_SELF = YES;
				CLANG_WARN_OBJC_LITERAL_CONVERSION = YES;
				CLANG_WARN_OBJC_ROOT_CLASS = YES_ERROR;
				CLANG_WARN_QUOTED_INCLUDE_IN_FRAMEWORK_HEADER = YES;
				CLANG_WARN_RANGE_LOOP_ANALYSIS = YES;
				CLANG_WARN_STRICT_PROTOTYPES = YES;
				CLANG_WARN_SUSPICIOUS_MOVE = YES;
				CLANG_WARN_UNGUARDED_AVAILABILITY = YES_AGGRESSIVE;
				CLANG_WARN_UNREACHABLE_CODE = YES;
				CLANG_WARN__DUPLICATE_METHOD_MATCH = YES;
				COPY_PHASE_STRIP = NO;
				DEBUG_INFORMATION_FORMAT = dwarf;
				ENABLE_STRICT_OBJC_MSGSEND = YES;
				ENABLE_TESTABILITY = YES;
				GCC_C_LANGUAGE_STANDARD = gnu11;
				GCC_DYNAMIC_NO_PIC = NO;
				GCC_NO_COMMON_BLOCKS = YES;
				GCC_OPTIMIZATION_LEVEL = 0;
				GCC_PREPROCESSOR_DEFINITIONS = (
					"DEBUG=1",
					"$(inherited)",
				);
				GCC_WARN_64_TO_32_BIT_CONVERSION = YES;
				GCC_WARN_ABOUT_RETURN_TYPE = YES_ERROR;
				GCC_WARN_UNDECLARED_SELECTOR = YES;
				GCC_WARN_UNINITIALIZED_AUTOS = YES_AGGRESSIVE;
				GCC_WARN_UNUSED_FUNCTION = YES;
				GCC_WARN_UNUSED_VARIABLE = YES;
				IPHONEOS_DEPLOYMENT_TARGET = 14.0;
				MTL_ENABLE_DEBUG_INFO = INCLUDE_SOURCE;
				MTL_FAST_MATH = YES;
				ONLY_ACTIVE_ARCH = YES;
				SDKROOT = iphoneos;
				SWIFT_ACTIVE_COMPILATION_CONDITIONS = DEBUG;
				SWIFT_OPTIMIZATION_LEVEL = "-Onone";
			};
			name = Debug;
		};
		9D25E8B82562E00F009AE332 /* Release */ = {
			isa = XCBuildConfiguration;
			buildSettings = {
				ALWAYS_SEARCH_USER_PATHS = NO;
				CLANG_ANALYZER_NONNULL = YES;
				CLANG_ANALYZER_NUMBER_OBJECT_CONVERSION = YES_AGGRESSIVE;
				CLANG_CXX_LANGUAGE_STANDARD = "gnu++14";
				CLANG_CXX_LIBRARY = "libc++";
				CLANG_ENABLE_MODULES = YES;
				CLANG_ENABLE_OBJC_ARC = YES;
				CLANG_ENABLE_OBJC_WEAK = YES;
				CLANG_WARN_BLOCK_CAPTURE_AUTORELEASING = YES;
				CLANG_WARN_BOOL_CONVERSION = YES;
				CLANG_WARN_COMMA = YES;
				CLANG_WARN_CONSTANT_CONVERSION = YES;
				CLANG_WARN_DEPRECATED_OBJC_IMPLEMENTATIONS = YES;
				CLANG_WARN_DIRECT_OBJC_ISA_USAGE = YES_ERROR;
				CLANG_WARN_DOCUMENTATION_COMMENTS = YES;
				CLANG_WARN_EMPTY_BODY = YES;
				CLANG_WARN_ENUM_CONVERSION = YES;
				CLANG_WARN_INFINITE_RECURSION = YES;
				CLANG_WARN_INT_CONVERSION = YES;
				CLANG_WARN_NON_LITERAL_NULL_CONVERSION = YES;
				CLANG_WARN_OBJC_IMPLICIT_RETAIN_SELF = YES;
				CLANG_WARN_OBJC_LITERAL_CONVERSION = YES;
				CLANG_WARN_OBJC_ROOT_CLASS = YES_ERROR;
				CLANG_WARN_QUOTED_INCLUDE_IN_FRAMEWORK_HEADER = YES;
				CLANG_WARN_RANGE_LOOP_ANALYSIS = YES;
				CLANG_WARN_STRICT_PROTOTYPES = YES;
				CLANG_WARN_SUSPICIOUS_MOVE = YES;
				CLANG_WARN_UNGUARDED_AVAILABILITY = YES_AGGRESSIVE;
				CLANG_WARN_UNREACHABLE_CODE = YES;
				CLANG_WARN__DUPLICATE_METHOD_MATCH = YES;
				COPY_PHASE_STRIP = NO;
				DEBUG_INFORMATION_FORMAT = "dwarf-with-dsym";
				ENABLE_NS_ASSERTIONS = NO;
				ENABLE_STRICT_OBJC_MSGSEND = YES;
				GCC_C_LANGUAGE_STANDARD = gnu11;
				GCC_NO_COMMON_BLOCKS = YES;
				GCC_WARN_64_TO_32_BIT_CONVERSION = YES;
				GCC_WARN_ABOUT_RETURN_TYPE = YES_ERROR;
				GCC_WARN_UNDECLARED_SELECTOR = YES;
				GCC_WARN_UNINITIALIZED_AUTOS = YES_AGGRESSIVE;
				GCC_WARN_UNUSED_FUNCTION = YES;
				GCC_WARN_UNUSED_VARIABLE = YES;
				IPHONEOS_DEPLOYMENT_TARGET = 14.0;
				MTL_ENABLE_DEBUG_INFO = NO;
				MTL_FAST_MATH = YES;
				SDKROOT = iphoneos;
				SWIFT_COMPILATION_MODE = wholemodule;
				SWIFT_OPTIMIZATION_LEVEL = "-O";
				VALIDATE_PRODUCT = YES;
			};
			name = Release;
		};
		9D25E8BA2562E00F009AE332 /* Debug */ = {
			isa = XCBuildConfiguration;
			buildSettings = {
				ASSETCATALOG_COMPILER_APPICON_NAME = AppIcon;
				ASSETCATALOG_COMPILER_GLOBAL_ACCENT_COLOR_NAME = AccentColor;
				CODE_SIGN_STYLE = Automatic;
				CURRENT_PROJECT_VERSION = 23;
				DEVELOPMENT_ASSET_PATHS = "\"ephsapp2020/Preview Content\"";
				DEVELOPMENT_TEAM = 883DK65VTV;
				ENABLE_PREVIEWS = YES;
				INFOPLIST_FILE = ephsapp2020/Info.plist;
				IPHONEOS_DEPLOYMENT_TARGET = 14.0;
				LD_RUNPATH_SEARCH_PATHS = (
					"$(inherited)",
					"@executable_path/Frameworks",
				);
				MARKETING_VERSION = 1.0;
				PRODUCT_BUNDLE_IDENTIFIER = edu.ephsapp2020;
				PRODUCT_NAME = "$(TARGET_NAME)";
				SWIFT_VERSION = 5.0;
				TARGETED_DEVICE_FAMILY = "1,2";
			};
			name = Debug;
		};
		9D25E8BB2562E00F009AE332 /* Release */ = {
			isa = XCBuildConfiguration;
			buildSettings = {
				ASSETCATALOG_COMPILER_APPICON_NAME = AppIcon;
				ASSETCATALOG_COMPILER_GLOBAL_ACCENT_COLOR_NAME = AccentColor;
				CODE_SIGN_STYLE = Automatic;
				CURRENT_PROJECT_VERSION = 23;
				DEVELOPMENT_ASSET_PATHS = "\"ephsapp2020/Preview Content\"";
				DEVELOPMENT_TEAM = 883DK65VTV;
				ENABLE_PREVIEWS = YES;
				INFOPLIST_FILE = ephsapp2020/Info.plist;
				IPHONEOS_DEPLOYMENT_TARGET = 14.0;
				LD_RUNPATH_SEARCH_PATHS = (
					"$(inherited)",
					"@executable_path/Frameworks",
				);
				MARKETING_VERSION = 1.0;
				PRODUCT_BUNDLE_IDENTIFIER = edu.ephsapp2020;
				PRODUCT_NAME = "$(TARGET_NAME)";
				SWIFT_VERSION = 5.0;
				TARGETED_DEVICE_FAMILY = "1,2";
			};
			name = Release;
		};
/* End XCBuildConfiguration section */

/* Begin XCConfigurationList section */
		9D25E8A52562E00A009AE332 /* Build configuration list for PBXProject "ephsapp2020" */ = {
			isa = XCConfigurationList;
			buildConfigurations = (
				9D25E8B72562E00F009AE332 /* Debug */,
				9D25E8B82562E00F009AE332 /* Release */,
			);
			defaultConfigurationIsVisible = 0;
			defaultConfigurationName = Release;
		};
		9D25E8B92562E00F009AE332 /* Build configuration list for PBXNativeTarget "ephsapp2020" */ = {
			isa = XCConfigurationList;
			buildConfigurations = (
				9D25E8BA2562E00F009AE332 /* Debug */,
				9D25E8BB2562E00F009AE332 /* Release */,
			);
			defaultConfigurationIsVisible = 0;
			defaultConfigurationName = Release;
		};
/* End XCConfigurationList section */
	};
	rootObject = 9D25E8A22562E00A009AE332 /* Project object */;
}
